
Microsoft Visual Studio Solution File, Format Version 12.00
# Visual Studio 15
VisualStudioVersion = 15.0.26124.0
MinimumVisualStudioVersion = 15.0.26124.0
Project("{2150E333-8FDC-42A3-9474-1A3956D46DE8}") = "src", "src", "{B620B1B1-EFCC-445B-B2EE-FE12E6920F09}"
EndProject
Project("{FAE04EC0-301F-11D3-BF4B-00C04F79EFBC}") = "Thorm", "src\Thorm\Thorm.csproj", "{14373417-3EFA-4851-9DD5-EE02FD8ED2D0}"
EndProject
Project("{FAE04EC0-301F-11D3-BF4B-00C04F79EFBC}") = "Thorm.Abstractions", "src\Thorm.Abstractions\Thorm.Abstractions.csproj", "{643CCA68-4D4D-4010-BF0E-B7C17ACC318A}"
EndProject
Project("{FAE04EC0-301F-11D3-BF4B-00C04F79EFBC}") = "Thorm.Generator.Build", "src\Thorm.Generator.Build\Thorm.Generator.Build.csproj", "{941B8E42-BEDD-4ACC-B447-0F5E3161A747}"
EndProject
Project("{FAE04EC0-301F-11D3-BF4B-00C04F79EFBC}") = "Thorm.Generator.Build.Tasks", "src\Thorm.Generator.Build.Tasks\Thorm.Generator.Build.Tasks.csproj", "{371E881C-5C76-46E6-B6F7-C76138A12864}"
EndProject
Global
	GlobalSection(SolutionConfigurationPlatforms) = preSolution
		Debug|Any CPU = Debug|Any CPU
		Debug|x64 = Debug|x64
		Debug|x86 = Debug|x86
		Release|Any CPU = Release|Any CPU
		Release|x64 = Release|x64
		Release|x86 = Release|x86
	EndGlobalSection
	GlobalSection(SolutionProperties) = preSolution
		HideSolutionNode = FALSE
	EndGlobalSection
	GlobalSection(ProjectConfigurationPlatforms) = postSolution
		{14373417-3EFA-4851-9DD5-EE02FD8ED2D0}.Debug|Any CPU.ActiveCfg = Debug|Any CPU
		{14373417-3EFA-4851-9DD5-EE02FD8ED2D0}.Debug|Any CPU.Build.0 = Debug|Any CPU
		{14373417-3EFA-4851-9DD5-EE02FD8ED2D0}.Debug|x64.ActiveCfg = Debug|Any CPU
		{14373417-3EFA-4851-9DD5-EE02FD8ED2D0}.Debug|x64.Build.0 = Debug|Any CPU
		{14373417-3EFA-4851-9DD5-EE02FD8ED2D0}.Debug|x86.ActiveCfg = Debug|Any CPU
		{14373417-3EFA-4851-9DD5-EE02FD8ED2D0}.Debug|x86.Build.0 = Debug|Any CPU
		{14373417-3EFA-4851-9DD5-EE02FD8ED2D0}.Release|Any CPU.ActiveCfg = Release|Any CPU
		{14373417-3EFA-4851-9DD5-EE02FD8ED2D0}.Release|Any CPU.Build.0 = Release|Any CPU
		{14373417-3EFA-4851-9DD5-EE02FD8ED2D0}.Release|x64.ActiveCfg = Release|Any CPU
		{14373417-3EFA-4851-9DD5-EE02FD8ED2D0}.Release|x64.Build.0 = Release|Any CPU
		{14373417-3EFA-4851-9DD5-EE02FD8ED2D0}.Release|x86.ActiveCfg = Release|Any CPU
		{14373417-3EFA-4851-9DD5-EE02FD8ED2D0}.Release|x86.Build.0 = Release|Any CPU
		{643CCA68-4D4D-4010-BF0E-B7C17ACC318A}.Debug|Any CPU.ActiveCfg = Debug|Any CPU
		{643CCA68-4D4D-4010-BF0E-B7C17ACC318A}.Debug|Any CPU.Build.0 = Debug|Any CPU
		{643CCA68-4D4D-4010-BF0E-B7C17ACC318A}.Debug|x64.ActiveCfg = Debug|Any CPU
		{643CCA68-4D4D-4010-BF0E-B7C17ACC318A}.Debug|x64.Build.0 = Debug|Any CPU
		{643CCA68-4D4D-4010-BF0E-B7C17ACC318A}.Debug|x86.ActiveCfg = Debug|Any CPU
		{643CCA68-4D4D-4010-BF0E-B7C17ACC318A}.Debug|x86.Build.0 = Debug|Any CPU
		{643CCA68-4D4D-4010-BF0E-B7C17ACC318A}.Release|Any CPU.ActiveCfg = Release|Any CPU
		{643CCA68-4D4D-4010-BF0E-B7C17ACC318A}.Release|Any CPU.Build.0 = Release|Any CPU
		{643CCA68-4D4D-4010-BF0E-B7C17ACC318A}.Release|x64.ActiveCfg = Release|Any CPU
		{643CCA68-4D4D-4010-BF0E-B7C17ACC318A}.Release|x64.Build.0 = Release|Any CPU
		{643CCA68-4D4D-4010-BF0E-B7C17ACC318A}.Release|x86.ActiveCfg = Release|Any CPU
		{643CCA68-4D4D-4010-BF0E-B7C17ACC318A}.Release|x86.Build.0 = Release|Any CPU
		{941B8E42-BEDD-4ACC-B447-0F5E3161A747}.Debug|Any CPU.ActiveCfg = Debug|Any CPU
		{941B8E42-BEDD-4ACC-B447-0F5E3161A747}.Debug|Any CPU.Build.0 = Debug|Any CPU
		{941B8E42-BEDD-4ACC-B447-0F5E3161A747}.Debug|x64.ActiveCfg = Debug|Any CPU
		{941B8E42-BEDD-4ACC-B447-0F5E3161A747}.Debug|x64.Build.0 = Debug|Any CPU
		{941B8E42-BEDD-4ACC-B447-0F5E3161A747}.Debug|x86.ActiveCfg = Debug|Any CPU
		{941B8E42-BEDD-4ACC-B447-0F5E3161A747}.Debug|x86.Build.0 = Debug|Any CPU
		{941B8E42-BEDD-4ACC-B447-0F5E3161A747}.Release|Any CPU.ActiveCfg = Release|Any CPU
		{941B8E42-BEDD-4ACC-B447-0F5E3161A747}.Release|Any CPU.Build.0 = Release|Any CPU
		{941B8E42-BEDD-4ACC-B447-0F5E3161A747}.Release|x64.ActiveCfg = Release|Any CPU
		{941B8E42-BEDD-4ACC-B447-0F5E3161A747}.Release|x64.Build.0 = Release|Any CPU
		{941B8E42-BEDD-4ACC-B447-0F5E3161A747}.Release|x86.ActiveCfg = Release|Any CPU
		{941B8E42-BEDD-4ACC-B447-0F5E3161A747}.Release|x86.Build.0 = Release|Any CPU
		{371E881C-5C76-46E6-B6F7-C76138A12864}.Debug|Any CPU.ActiveCfg = Debug|Any CPU
		{371E881C-5C76-46E6-B6F7-C76138A12864}.Debug|Any CPU.Build.0 = Debug|Any CPU
		{371E881C-5C76-46E6-B6F7-C76138A12864}.Debug|x64.ActiveCfg = Debug|Any CPU
		{371E881C-5C76-46E6-B6F7-C76138A12864}.Debug|x64.Build.0 = Debug|Any CPU
		{371E881C-5C76-46E6-B6F7-C76138A12864}.Debug|x86.ActiveCfg = Debug|Any CPU
		{371E881C-5C76-46E6-B6F7-C76138A12864}.Debug|x86.Build.0 = Debug|Any CPU
		{371E881C-5C76-46E6-B6F7-C76138A12864}.Release|Any CPU.ActiveCfg = Release|Any CPU
		{371E881C-5C76-46E6-B6F7-C76138A12864}.Release|Any CPU.Build.0 = Release|Any CPU
		{371E881C-5C76-46E6-B6F7-C76138A12864}.Release|x64.ActiveCfg = Release|Any CPU
		{371E881C-5C76-46E6-B6F7-C76138A12864}.Release|x64.Build.0 = Release|Any CPU
		{371E881C-5C76-46E6-B6F7-C76138A12864}.Release|x86.ActiveCfg = Release|Any CPU
		{371E881C-5C76-46E6-B6F7-C76138A12864}.Release|x86.Build.0 = Release|Any CPU
	EndGlobalSection
	GlobalSection(NestedProjects) = preSolution
		{14373417-3EFA-4851-9DD5-EE02FD8ED2D0} = {B620B1B1-EFCC-445B-B2EE-FE12E6920F09}
		{643CCA68-4D4D-4010-BF0E-B7C17ACC318A} = {B620B1B1-EFCC-445B-B2EE-FE12E6920F09}
		{941B8E42-BEDD-4ACC-B447-0F5E3161A747} = {B620B1B1-EFCC-445B-B2EE-FE12E6920F09}
		{371E881C-5C76-46E6-B6F7-C76138A12864} = {B620B1B1-EFCC-445B-B2EE-FE12E6920F09}
	EndGlobalSection
EndGlobal
